# THIS IS AN AUTOGENERATED FILE. DO NOT EDIT THIS FILE DIRECTLY.
# yarn lockfile v1


"@cawfree/react-native-lightbox@^1.0.1":
  version "1.0.1"
  resolved "https://registry.yarnpkg.com/@cawfree/react-native-lightbox/-/react-native-lightbox-1.0.1.tgz#8f5c0e31aaf5e261ddaef3be6316d27be2bf8f39"
  integrity sha512-KWiUOPsu1sEPYjqcnj/B20XJJwZZmhdV6+N8nHTln4Hb2VkGOxRskfwnUb7dCBb32Vv0PnNEda+GLSqfqDN+JA==
